// !$*UTF8*$!
{
	archiveVersion = 1;
	classes = {
	};
	objectVersion = 52;
	objects = {

/* Begin PBXBuildFile section */
		CB04F741242E808300E319C7 /* AnyRandomNumberGenerator.swift in Sources */ = {isa = PBXBuildFile; fileRef = CB04F740242E808300E319C7 /* AnyRandomNumberGenerator.swift */; };
		CB131A442415438300B5F5BB /* MultipeerKit in Frameworks */ = {isa = PBXBuildFile; productRef = CB131A432415438300B5F5BB /* MultipeerKit */; };
		CB131A4C241543A600B5F5BB /* main.swift in Sources */ = {isa = PBXBuildFile; fileRef = CB131A4B241543A600B5F5BB /* main.swift */; };
		CB131A52241543AD00B5F5BB /* MultipeerKit in Frameworks */ = {isa = PBXBuildFile; productRef = CB131A51241543AD00B5F5BB /* MultipeerKit */; };
		CB131A55241543E700B5F5BB /* ArgumentParser in Frameworks */ = {isa = PBXBuildFile; productRef = CB131A54241543E700B5F5BB /* ArgumentParser */; };
		CB131A57241544C600B5F5BB /* CLITransmitter.swift in Sources */ = {isa = PBXBuildFile; fileRef = CB131A56241544C600B5F5BB /* CLITransmitter.swift */; };
		CB131A592415451F00B5F5BB /* CLIResponse.swift in Sources */ = {isa = PBXBuildFile; fileRef = CB131A582415451F00B5F5BB /* CLIResponse.swift */; };
		CB131A5B241548D000B5F5BB /* Commands.swift in Sources */ = {isa = PBXBuildFile; fileRef = CB131A5A241548D000B5F5BB /* Commands.swift */; };
		CB131A5C241548D700B5F5BB /* Commands.swift in Sources */ = {isa = PBXBuildFile; fileRef = CB131A5A241548D000B5F5BB /* Commands.swift */; };
		CB131A5D24154A1600B5F5BB /* CLIResponse.swift in Sources */ = {isa = PBXBuildFile; fileRef = CB131A582415451F00B5F5BB /* CLIResponse.swift */; };
		CB131A6024154C4000B5F5BB /* CLIReceiver.swift in Sources */ = {isa = PBXBuildFile; fileRef = CB131A5E24154C3D00B5F5BB /* CLIReceiver.swift */; };
		CB131A64241598ED00B5F5BB /* TransformGestureRecognizer.swift in Sources */ = {isa = PBXBuildFile; fileRef = CB131A63241598ED00B5F5BB /* TransformGestureRecognizer.swift */; };
		CB131A682415991200B5F5BB /* CanvasView.swift in Sources */ = {isa = PBXBuildFile; fileRef = CB131A672415991200B5F5BB /* CanvasView.swift */; };
		CB131A6A2415A1A400B5F5BB /* GraphView.swift in Sources */ = {isa = PBXBuildFile; fileRef = CB131A692415A1A400B5F5BB /* GraphView.swift */; };
		CB1AA1BA24045AA0009028F8 /* SnapKit in Frameworks */ = {isa = PBXBuildFile; productRef = CB1AA1B924045AA0009028F8 /* SnapKit */; };
		CB2F82F724784BE000060881 /* main.swift in Sources */ = {isa = PBXBuildFile; fileRef = CB2F82F624784BE000060881 /* main.swift */; };
		CB2F830224784C0100060881 /* Collections in Frameworks */ = {isa = PBXBuildFile; productRef = CB2F830124784C0100060881 /* Collections */; };
		CB87646524796361002EDEE2 /* ArgumentParser in Frameworks */ = {isa = PBXBuildFile; productRef = CB87646424796361002EDEE2 /* ArgumentParser */; };
		CB87646724797021002EDEE2 /* Xoroshiro128PlusRandomNumberGenerator.swift in Sources */ = {isa = PBXBuildFile; fileRef = CB87646624797021002EDEE2 /* Xoroshiro128PlusRandomNumberGenerator.swift */; };
		CB876469247976C5002EDEE2 /* Extensions.swift in Sources */ = {isa = PBXBuildFile; fileRef = CB876468247976C5002EDEE2 /* Extensions.swift */; };
		CB87646B2479784E002EDEE2 /* GenerateUUIDsCommand.swift in Sources */ = {isa = PBXBuildFile; fileRef = CB87646A2479784E002EDEE2 /* GenerateUUIDsCommand.swift */; };
		CB87646D2479798C002EDEE2 /* RunThroughPipelineCommand.swift in Sources */ = {isa = PBXBuildFile; fileRef = CB87646C2479798C002EDEE2 /* RunThroughPipelineCommand.swift */; };
		CB87646F24797F20002EDEE2 /* EvaluateCommand.swift in Sources */ = {isa = PBXBuildFile; fileRef = CB87646E24797F20002EDEE2 /* EvaluateCommand.swift */; };
		CB8ACBA0247D9843001D7C16 /* Framework in Frameworks */ = {isa = PBXBuildFile; productRef = CB8ACB9F247D9843001D7C16 /* Framework */; };
		CBA25E1324312CD20019C766 /* Collections in Frameworks */ = {isa = PBXBuildFile; productRef = CBA25E1224312CD20019C766 /* Collections */; };
		CBA25E1524312CD20019C766 /* Geometry in Frameworks */ = {isa = PBXBuildFile; productRef = CBA25E1424312CD20019C766 /* Geometry */; };
		CBA25E1924314DE20019C766 /* Extensions.swift in Sources */ = {isa = PBXBuildFile; fileRef = CBA25E1824314DE20019C766 /* Extensions.swift */; };
		CBDA154123CB670B0070847D /* AppDelegate.swift in Sources */ = {isa = PBXBuildFile; fileRef = CBDA154023CB670B0070847D /* AppDelegate.swift */; };
		CBDA154723CB670C0070847D /* Assets.xcassets in Resources */ = {isa = PBXBuildFile; fileRef = CBDA154623CB670C0070847D /* Assets.xcassets */; };
		CBDA154D23CB670C0070847D /* LaunchScreen.storyboard in Resources */ = {isa = PBXBuildFile; fileRef = CBDA154B23CB670C0070847D /* LaunchScreen.storyboard */; };
		CBDCD70E247BD117005677D0 /* BenchmarkCommand.swift in Sources */ = {isa = PBXBuildFile; fileRef = CBDCD70C247BD117005677D0 /* BenchmarkCommand.swift */; };
		CBDCD711247BD126005677D0 /* Pipeline.swift in Sources */ = {isa = PBXBuildFile; fileRef = CBDCD70F247BD126005677D0 /* Pipeline.swift */; };
		CBEE3C82247D817300BC8EBA /* Delaunay in Frameworks */ = {isa = PBXBuildFile; productRef = CBEE3C81247D817300BC8EBA /* Delaunay */; };
		CBEE3C84247D817300BC8EBA /* Framework in Frameworks */ = {isa = PBXBuildFile; productRef = CBEE3C83247D817300BC8EBA /* Framework */; };
		CBFDDE39242952A9005B3048 /* Pipeline.swift in Sources */ = {isa = PBXBuildFile; fileRef = CBFDDE38242952A9005B3048 /* Pipeline.swift */; };
		CBFDDE3B24295328005B3048 /* RootViewController.swift in Sources */ = {isa = PBXBuildFile; fileRef = CBFDDE3A24295328005B3048 /* RootViewController.swift */; };
		CBFDDE3D242954EA005B3048 /* ContentView.swift in Sources */ = {isa = PBXBuildFile; fileRef = CBFDDE3C242954EA005B3048 /* ContentView.swift */; };
		CBFDDE42242960C5005B3048 /* TestGraphs.swift in Sources */ = {isa = PBXBuildFile; fileRef = CBFDDE41242960C5005B3048 /* TestGraphs.swift */; };
/* End PBXBuildFile section */

/* Begin PBXCopyFilesBuildPhase section */
		CB131A47241543A600B5F5BB /* CopyFiles */ = {
			isa = PBXCopyFilesBuildPhase;
			buildActionMask = 2147483647;
			dstPath = /usr/share/man/man1/;
			dstSubfolderSpec = 0;
			files = (
			);
			runOnlyForDeploymentPostprocessing = 1;
		};
		CB2F82F224784BE000060881 /* CopyFiles */ = {
			isa = PBXCopyFilesBuildPhase;
			buildActionMask = 2147483647;
			dstPath = /usr/share/man/man1/;
			dstSubfolderSpec = 0;
			files = (
			);
			runOnlyForDeploymentPostprocessing = 1;
		};
/* End PBXCopyFilesBuildPhase section */

/* Begin PBXFileReference section */
		CB04F740242E808300E319C7 /* AnyRandomNumberGenerator.swift */ = {isa = PBXFileReference; lastKnownFileType = sourcecode.swift; path = AnyRandomNumberGenerator.swift; sourceTree = "<group>"; };
		CB131A49241543A600B5F5BB /* CLI */ = {isa = PBXFileReference; explicitFileType = "compiled.mach-o.executable"; includeInIndex = 0; path = CLI; sourceTree = BUILT_PRODUCTS_DIR; };
		CB131A4B241543A600B5F5BB /* main.swift */ = {isa = PBXFileReference; lastKnownFileType = sourcecode.swift; path = main.swift; sourceTree = "<group>"; };
		CB131A56241544C600B5F5BB /* CLITransmitter.swift */ = {isa = PBXFileReference; lastKnownFileType = sourcecode.swift; path = CLITransmitter.swift; sourceTree = "<group>"; };
		CB131A582415451F00B5F5BB /* CLIResponse.swift */ = {isa = PBXFileReference; lastKnownFileType = sourcecode.swift; path = CLIResponse.swift; sourceTree = "<group>"; };
		CB131A5A241548D000B5F5BB /* Commands.swift */ = {isa = PBXFileReference; lastKnownFileType = sourcecode.swift; path = Commands.swift; sourceTree = "<group>"; };
		CB131A5E24154C3D00B5F5BB /* CLIReceiver.swift */ = {isa = PBXFileReference; lastKnownFileType = sourcecode.swift; path = CLIReceiver.swift; sourceTree = "<group>"; };
		CB131A63241598ED00B5F5BB /* TransformGestureRecognizer.swift */ = {isa = PBXFileReference; lastKnownFileType = sourcecode.swift; path = TransformGestureRecognizer.swift; sourceTree = "<group>"; };
		CB131A672415991200B5F5BB /* CanvasView.swift */ = {isa = PBXFileReference; lastKnownFileType = sourcecode.swift; path = CanvasView.swift; sourceTree = "<group>"; };
		CB131A692415A1A400B5F5BB /* GraphView.swift */ = {isa = PBXFileReference; lastKnownFileType = sourcecode.swift; path = GraphView.swift; sourceTree = "<group>"; };
		CB2F82F424784BE000060881 /* Evaluation */ = {isa = PBXFileReference; explicitFileType = "compiled.mach-o.executable"; includeInIndex = 0; path = Evaluation; sourceTree = BUILT_PRODUCTS_DIR; };
		CB2F82F624784BE000060881 /* main.swift */ = {isa = PBXFileReference; lastKnownFileType = sourcecode.swift; path = main.swift; sourceTree = "<group>"; };
		CB87646624797021002EDEE2 /* Xoroshiro128PlusRandomNumberGenerator.swift */ = {isa = PBXFileReference; lastKnownFileType = sourcecode.swift; path = Xoroshiro128PlusRandomNumberGenerator.swift; sourceTree = "<group>"; };
		CB876468247976C5002EDEE2 /* Extensions.swift */ = {isa = PBXFileReference; lastKnownFileType = sourcecode.swift; path = Extensions.swift; sourceTree = "<group>"; };
		CB87646A2479784E002EDEE2 /* GenerateUUIDsCommand.swift */ = {isa = PBXFileReference; lastKnownFileType = sourcecode.swift; path = GenerateUUIDsCommand.swift; sourceTree = "<group>"; };
		CB87646C2479798C002EDEE2 /* RunThroughPipelineCommand.swift */ = {isa = PBXFileReference; lastKnownFileType = sourcecode.swift; path = RunThroughPipelineCommand.swift; sourceTree = "<group>"; };
		CB87646E24797F20002EDEE2 /* EvaluateCommand.swift */ = {isa = PBXFileReference; lastKnownFileType = sourcecode.swift; path = EvaluateCommand.swift; sourceTree = "<group>"; };
		CBA25E1124312A7E0019C766 /* Modules */ = {isa = PBXFileReference; lastKnownFileType = folder; path = Modules; sourceTree = "<group>"; };
		CBA25E1824314DE20019C766 /* Extensions.swift */ = {isa = PBXFileReference; lastKnownFileType = sourcecode.swift; path = Extensions.swift; sourceTree = "<group>"; };
		CBDA153D23CB670B0070847D /* GUI.app */ = {isa = PBXFileReference; explicitFileType = wrapper.application; includeInIndex = 0; path = GUI.app; sourceTree = BUILT_PRODUCTS_DIR; };
		CBDA154023CB670B0070847D /* AppDelegate.swift */ = {isa = PBXFileReference; lastKnownFileType = sourcecode.swift; path = AppDelegate.swift; sourceTree = "<group>"; };
		CBDA154623CB670C0070847D /* Assets.xcassets */ = {isa = PBXFileReference; lastKnownFileType = folder.assetcatalog; path = Assets.xcassets; sourceTree = "<group>"; };
		CBDA154C23CB670C0070847D /* Base */ = {isa = PBXFileReference; lastKnownFileType = file.storyboard; name = Base; path = Base.lproj/LaunchScreen.storyboard; sourceTree = "<group>"; };
		CBDA154E23CB670C0070847D /* Info.plist */ = {isa = PBXFileReference; lastKnownFileType = text.plist.xml; path = Info.plist; sourceTree = "<group>"; };
		CBDCD70C247BD117005677D0 /* BenchmarkCommand.swift */ = {isa = PBXFileReference; lastKnownFileType = sourcecode.swift; path = BenchmarkCommand.swift; sourceTree = "<group>"; };
		CBDCD70F247BD126005677D0 /* Pipeline.swift */ = {isa = PBXFileReference; lastKnownFileType = sourcecode.swift; path = Pipeline.swift; sourceTree = "<group>"; };
		CBFDDE38242952A9005B3048 /* Pipeline.swift */ = {isa = PBXFileReference; lastKnownFileType = sourcecode.swift; path = Pipeline.swift; sourceTree = "<group>"; };
		CBFDDE3A24295328005B3048 /* RootViewController.swift */ = {isa = PBXFileReference; lastKnownFileType = sourcecode.swift; path = RootViewController.swift; sourceTree = "<group>"; };
		CBFDDE3C242954EA005B3048 /* ContentView.swift */ = {isa = PBXFileReference; lastKnownFileType = sourcecode.swift; path = ContentView.swift; sourceTree = "<group>"; };
		CBFDDE41242960C5005B3048 /* TestGraphs.swift */ = {isa = PBXFileReference; lastKnownFileType = sourcecode.swift; path = TestGraphs.swift; sourceTree = "<group>"; };
/* End PBXFileReference section */

/* Begin PBXFrameworksBuildPhase section */
		CB131A46241543A600B5F5BB /* Frameworks */ = {
			isa = PBXFrameworksBuildPhase;
			buildActionMask = 2147483647;
			files = (
				CB131A55241543E700B5F5BB /* ArgumentParser in Frameworks */,
				CB131A52241543AD00B5F5BB /* MultipeerKit in Frameworks */,
			);
			runOnlyForDeploymentPostprocessing = 0;
		};
		CB2F82F124784BE000060881 /* Frameworks */ = {
			isa = PBXFrameworksBuildPhase;
			buildActionMask = 2147483647;
			files = (
				CB2F830224784C0100060881 /* Collections in Frameworks */,
				CB87646524796361002EDEE2 /* ArgumentParser in Frameworks */,
				CB8ACBA0247D9843001D7C16 /* Framework in Frameworks */,
			);
			runOnlyForDeploymentPostprocessing = 0;
		};
		CBDA153A23CB670B0070847D /* Frameworks */ = {
			isa = PBXFrameworksBuildPhase;
			buildActionMask = 2147483647;
			files = (
				CBA25E1524312CD20019C766 /* Geometry in Frameworks */,
				CBEE3C82247D817300BC8EBA /* Delaunay in Frameworks */,
				CB1AA1BA24045AA0009028F8 /* SnapKit in Frameworks */,
				CBEE3C84247D817300BC8EBA /* Framework in Frameworks */,
				CBA25E1324312CD20019C766 /* Collections in Frameworks */,
				CB131A442415438300B5F5BB /* MultipeerKit in Frameworks */,
			);
			runOnlyForDeploymentPostprocessing = 0;
		};
/* End PBXFrameworksBuildPhase section */

/* Begin PBXGroup section */
		CB131A4A241543A600B5F5BB /* CLI */ = {
			isa = PBXGroup;
			children = (
				CB131A4B241543A600B5F5BB /* main.swift */,
				CB131A5A241548D000B5F5BB /* Commands.swift */,
				CB131A5E24154C3D00B5F5BB /* CLIReceiver.swift */,
				CB131A56241544C600B5F5BB /* CLITransmitter.swift */,
				CB131A582415451F00B5F5BB /* CLIResponse.swift */,
			);
			path = CLI;
			sourceTree = "<group>";
		};
		CB131A50241543AD00B5F5BB /* Frameworks */ = {
			isa = PBXGroup;
			children = (
			);
			name = Frameworks;
			sourceTree = "<group>";
		};
		CB2F82F524784BE000060881 /* Evaluation */ = {
			isa = PBXGroup;
			children = (
				CB2F82F624784BE000060881 /* main.swift */,
				CB87646A2479784E002EDEE2 /* GenerateUUIDsCommand.swift */,
				CB87646C2479798C002EDEE2 /* RunThroughPipelineCommand.swift */,
				CB87646E24797F20002EDEE2 /* EvaluateCommand.swift */,
				CBDCD70C247BD117005677D0 /* BenchmarkCommand.swift */,
				CBDCD70F247BD126005677D0 /* Pipeline.swift */,
				CB87646624797021002EDEE2 /* Xoroshiro128PlusRandomNumberGenerator.swift */,
				CB876468247976C5002EDEE2 /* Extensions.swift */,
			);
			path = Evaluation;
			sourceTree = "<group>";
		};
		CBDA153423CB670B0070847D = {
			isa = PBXGroup;
			children = (
				CBA25E1124312A7E0019C766 /* Modules */,
				CBDA153F23CB670B0070847D /* GUI */,
				CB131A4A241543A600B5F5BB /* CLI */,
				CB2F82F524784BE000060881 /* Evaluation */,
				CBDA153E23CB670B0070847D /* Products */,
				CB131A50241543AD00B5F5BB /* Frameworks */,
			);
			sourceTree = "<group>";
		};
		CBDA153E23CB670B0070847D /* Products */ = {
			isa = PBXGroup;
			children = (
				CBDA153D23CB670B0070847D /* GUI.app */,
				CB131A49241543A600B5F5BB /* CLI */,
				CB2F82F424784BE000060881 /* Evaluation */,
			);
			name = Products;
			sourceTree = "<group>";
		};
		CBDA153F23CB670B0070847D /* GUI */ = {
			isa = PBXGroup;
			children = (
				CBDA154E23CB670C0070847D /* Info.plist */,
				CBDA154623CB670C0070847D /* Assets.xcassets */,
				CBDA154B23CB670C0070847D /* LaunchScreen.storyboard */,
				CBFDDE38242952A9005B3048 /* Pipeline.swift */,
				CB04F740242E808300E319C7 /* AnyRandomNumberGenerator.swift */,
				CBFDDE41242960C5005B3048 /* TestGraphs.swift */,
				CBDA154023CB670B0070847D /* AppDelegate.swift */,
				CBFDDE3A24295328005B3048 /* RootViewController.swift */,
				CBFDDE3C242954EA005B3048 /* ContentView.swift */,
				CB131A692415A1A400B5F5BB /* GraphView.swift */,
				CB131A672415991200B5F5BB /* CanvasView.swift */,
				CB131A63241598ED00B5F5BB /* TransformGestureRecognizer.swift */,
				CBA25E1824314DE20019C766 /* Extensions.swift */,
			);
			path = GUI;
			sourceTree = "<group>";
		};
/* End PBXGroup section */

/* Begin PBXNativeTarget section */
		CB131A48241543A600B5F5BB /* CLI */ = {
			isa = PBXNativeTarget;
			buildConfigurationList = CB131A4D241543A600B5F5BB /* Build configuration list for PBXNativeTarget "CLI" */;
			buildPhases = (
				CB131A45241543A600B5F5BB /* Sources */,
				CB131A46241543A600B5F5BB /* Frameworks */,
				CB131A47241543A600B5F5BB /* CopyFiles */,
			);
			buildRules = (
			);
			dependencies = (
			);
			name = CLI;
			packageProductDependencies = (
				CB131A51241543AD00B5F5BB /* MultipeerKit */,
				CB131A54241543E700B5F5BB /* ArgumentParser */,
			);
			productName = CLI;
			productReference = CB131A49241543A600B5F5BB /* CLI */;
			productType = "com.apple.product-type.tool";
		};
		CB2F82F324784BE000060881 /* Evaluation */ = {
			isa = PBXNativeTarget;
			buildConfigurationList = CB2F82FA24784BE000060881 /* Build configuration list for PBXNativeTarget "Evaluation" */;
			buildPhases = (
				CB2F82F024784BE000060881 /* Sources */,
				CB2F82F124784BE000060881 /* Frameworks */,
				CB2F82F224784BE000060881 /* CopyFiles */,
			);
			buildRules = (
			);
			dependencies = (
			);
			name = Evaluation;
			packageProductDependencies = (
				CB2F830124784C0100060881 /* Collections */,
				CB87646424796361002EDEE2 /* ArgumentParser */,
				CB8ACB9F247D9843001D7C16 /* Framework */,
			);
			productName = Evaluation;
			productReference = CB2F82F424784BE000060881 /* Evaluation */;
			productType = "com.apple.product-type.tool";
		};
		CBDA153C23CB670B0070847D /* GUI */ = {
			isa = PBXNativeTarget;
			buildConfigurationList = CBDA155123CB670C0070847D /* Build configuration list for PBXNativeTarget "GUI" */;
			buildPhases = (
				CBDA153923CB670B0070847D /* Sources */,
				CBDA153A23CB670B0070847D /* Frameworks */,
				CBDA153B23CB670B0070847D /* Resources */,
			);
			buildRules = (
			);
			dependencies = (
			);
			name = GUI;
			packageProductDependencies = (
				CB1AA1B924045AA0009028F8 /* SnapKit */,
				CB131A432415438300B5F5BB /* MultipeerKit */,
				CBA25E1224312CD20019C766 /* Collections */,
				CBA25E1424312CD20019C766 /* Geometry */,
				CBEE3C81247D817300BC8EBA /* Delaunay */,
				CBEE3C83247D817300BC8EBA /* Framework */,
			);
			productName = MasterThesis;
			productReference = CBDA153D23CB670B0070847D /* GUI.app */;
			productType = "com.apple.product-type.application";
		};
/* End PBXNativeTarget section */

/* Begin PBXProject section */
		CBDA153523CB670B0070847D /* Project object */ = {
			isa = PBXProject;
			attributes = {
				LastSwiftUpdateCheck = 1140;
				LastUpgradeCheck = 1140;
				ORGANIZATIONNAME = "Christian Schnorr";
				TargetAttributes = {
					CB131A48241543A600B5F5BB = {
						CreatedOnToolsVersion = 11.3.1;
					};
					CB2F82F324784BE000060881 = {
						CreatedOnToolsVersion = 11.4;
					};
					CBDA153C23CB670B0070847D = {
						CreatedOnToolsVersion = 11.3;
					};
				};
			};
			buildConfigurationList = CBDA153823CB670B0070847D /* Build configuration list for PBXProject "MasterThesis" */;
			compatibilityVersion = "Xcode 9.3";
			developmentRegion = en;
			hasScannedForEncodings = 0;
			knownRegions = (
				en,
				Base,
			);
			mainGroup = CBDA153423CB670B0070847D;
			packageReferences = (
				CB1AA1B824045AA0009028F8 /* XCRemoteSwiftPackageReference "SnapKit" */,
				CB131A422415438300B5F5BB /* XCRemoteSwiftPackageReference "MultipeerKit" */,
				CB131A53241543E700B5F5BB /* XCRemoteSwiftPackageReference "swift-argument-parser" */,
			);
			productRefGroup = CBDA153E23CB670B0070847D /* Products */;
			projectDirPath = "";
			projectRoot = "";
			targets = (
				CBDA153C23CB670B0070847D /* GUI */,
				CB131A48241543A600B5F5BB /* CLI */,
				CB2F82F324784BE000060881 /* Evaluation */,
			);
		};
/* End PBXProject section */

/* Begin PBXResourcesBuildPhase section */
		CBDA153B23CB670B0070847D /* Resources */ = {
			isa = PBXResourcesBuildPhase;
			buildActionMask = 2147483647;
			files = (
				CBDA154D23CB670C0070847D /* LaunchScreen.storyboard in Resources */,
				CBDA154723CB670C0070847D /* Assets.xcassets in Resources */,
			);
			runOnlyForDeploymentPostprocessing = 0;
		};
/* End PBXResourcesBuildPhase section */

/* Begin PBXSourcesBuildPhase section */
		CB131A45241543A600B5F5BB /* Sources */ = {
			isa = PBXSourcesBuildPhase;
			buildActionMask = 2147483647;
			files = (
				CB131A592415451F00B5F5BB /* CLIResponse.swift in Sources */,
				CB131A57241544C600B5F5BB /* CLITransmitter.swift in Sources */,
				CB131A4C241543A600B5F5BB /* main.swift in Sources */,
				CB131A5B241548D000B5F5BB /* Commands.swift in Sources */,
			);
			runOnlyForDeploymentPostprocessing = 0;
		};
		CB2F82F024784BE000060881 /* Sources */ = {
			isa = PBXSourcesBuildPhase;
			buildActionMask = 2147483647;
			files = (
				CBDCD70E247BD117005677D0 /* BenchmarkCommand.swift in Sources */,
				CB87646724797021002EDEE2 /* Xoroshiro128PlusRandomNumberGenerator.swift in Sources */,
				CB87646D2479798C002EDEE2 /* RunThroughPipelineCommand.swift in Sources */,
				CBDCD711247BD126005677D0 /* Pipeline.swift in Sources */,
				CB87646F24797F20002EDEE2 /* EvaluateCommand.swift in Sources */,
				CB876469247976C5002EDEE2 /* Extensions.swift in Sources */,
				CB2F82F724784BE000060881 /* main.swift in Sources */,
				CB87646B2479784E002EDEE2 /* GenerateUUIDsCommand.swift in Sources */,
			);
			runOnlyForDeploymentPostprocessing = 0;
		};
		CBDA153923CB670B0070847D /* Sources */ = {
			isa = PBXSourcesBuildPhase;
			buildActionMask = 2147483647;
			files = (
				CB131A64241598ED00B5F5BB /* TransformGestureRecognizer.swift in Sources */,
				CBFDDE3D242954EA005B3048 /* ContentView.swift in Sources */,
				CBFDDE3B24295328005B3048 /* RootViewController.swift in Sources */,
				CBA25E1924314DE20019C766 /* Extensions.swift in Sources */,
				CB131A5C241548D700B5F5BB /* Commands.swift in Sources */,
				CBFDDE42242960C5005B3048 /* TestGraphs.swift in Sources */,
				CB04F741242E808300E319C7 /* AnyRandomNumberGenerator.swift in Sources */,
				CB131A6A2415A1A400B5F5BB /* GraphView.swift in Sources */,
				CB131A5D24154A1600B5F5BB /* CLIResponse.swift in Sources */,
				CB131A682415991200B5F5BB /* CanvasView.swift in Sources */,
				CBFDDE39242952A9005B3048 /* Pipeline.swift in Sources */,
				CBDA154123CB670B0070847D /* AppDelegate.swift in Sources */,
				CB131A6024154C4000B5F5BB /* CLIReceiver.swift in Sources */,
			);
			runOnlyForDeploymentPostprocessing = 0;
		};
/* End PBXSourcesBuildPhase section */

/* Begin PBXVariantGroup section */
		CBDA154B23CB670C0070847D /* LaunchScreen.storyboard */ = {
			isa = PBXVariantGroup;
			children = (
				CBDA154C23CB670C0070847D /* Base */,
			);
			name = LaunchScreen.storyboard;
			sourceTree = "<group>";
		};
/* End PBXVariantGroup section */

/* Begin XCBuildConfiguration section */
		CB131A4E241543A600B5F5BB /* Debug */ = {
			isa = XCBuildConfiguration;
			buildSettings = {
				CODE_SIGN_IDENTITY = "-";
				CODE_SIGN_STYLE = Automatic;
				MACOSX_DEPLOYMENT_TARGET = 10.15;
				PRODUCT_NAME = "$(TARGET_NAME)";
				SDKROOT = macosx;
				SWIFT_VERSION = 5.0;
			};
			name = Debug;
		};
		CB131A4F241543A600B5F5BB /* Release */ = {
			isa = XCBuildConfiguration;
			buildSettings = {
				CODE_SIGN_IDENTITY = "-";
				CODE_SIGN_STYLE = Automatic;
				MACOSX_DEPLOYMENT_TARGET = 10.15;
				PRODUCT_NAME = "$(TARGET_NAME)";
				SDKROOT = macosx;
				SWIFT_VERSION = 5.0;
			};
			name = Release;
		};
		CB2F82F824784BE000060881 /* Debug */ = {
			isa = XCBuildConfiguration;
			buildSettings = {
				CODE_SIGN_STYLE = Automatic;
				MACOSX_DEPLOYMENT_TARGET = 10.15;
				PRODUCT_NAME = "$(TARGET_NAME)";
				SDKROOT = macosx;
				SWIFT_VERSION = 5.0;
			};
			name = Debug;
		};
		CB2F82F924784BE000060881 /* Release */ = {
			isa = XCBuildConfiguration;
			buildSettings = {
				CODE_SIGN_STYLE = Automatic;
				MACOSX_DEPLOYMENT_TARGET = 10.15;
				PRODUCT_NAME = "$(TARGET_NAME)";
				SDKROOT = macosx;
				SWIFT_VERSION = 5.0;
			};
			name = Release;
		};
		CBDA154F23CB670C0070847D /* Debug */ = {
			isa = XCBuildConfiguration;
			buildSettings = {
				ALWAYS_SEARCH_USER_PATHS = NO;
				CLANG_ANALYZER_NONNULL = YES;
				CLANG_ANALYZER_NUMBER_OBJECT_CONVERSION = YES_AGGRESSIVE;
				CLANG_CXX_LANGUAGE_STANDARD = "gnu++14";
				CLANG_CXX_LIBRARY = "libc++";
				CLANG_ENABLE_MODULES = YES;
				CLANG_ENABLE_OBJC_ARC = YES;
				CLANG_ENABLE_OBJC_WEAK = YES;
				CLANG_WARN_BLOCK_CAPTURE_AUTORELEASING = YES;
				CLANG_WARN_BOOL_CONVERSION = YES;
				CLANG_WARN_COMMA = YES;
				CLANG_WARN_CONSTANT_CONVERSION = YES;
				CLANG_WARN_DEPRECATED_OBJC_IMPLEMENTATIONS = YES;
				CLANG_WARN_DIRECT_OBJC_ISA_USAGE = YES_ERROR;
				CLANG_WARN_DOCUMENTATION_COMMENTS = YES;
				CLANG_WARN_EMPTY_BODY = YES;
				CLANG_WARN_ENUM_CONVERSION = YES;
				CLANG_WARN_INFINITE_RECURSION = YES;
				CLANG_WARN_INT_CONVERSION = YES;
				CLANG_WARN_NON_LITERAL_NULL_CONVERSION = YES;
				CLANG_WARN_OBJC_IMPLICIT_RETAIN_SELF = YES;
				CLANG_WARN_OBJC_LITERAL_CONVERSION = YES;
				CLANG_WARN_OBJC_ROOT_CLASS = YES_ERROR;
				CLANG_WARN_RANGE_LOOP_ANALYSIS = YES;
				CLANG_WARN_STRICT_PROTOTYPES = YES;
				CLANG_WARN_SUSPICIOUS_MOVE = YES;
				CLANG_WARN_UNGUARDED_AVAILABILITY = YES_AGGRESSIVE;
				CLANG_WARN_UNREACHABLE_CODE = YES;
				CLANG_WARN__DUPLICATE_METHOD_MATCH = YES;
				COPY_PHASE_STRIP = NO;
				DEBUG_INFORMATION_FORMAT = dwarf;
				ENABLE_STRICT_OBJC_MSGSEND = YES;
				ENABLE_TESTABILITY = YES;
				GCC_C_LANGUAGE_STANDARD = gnu11;
				GCC_DYNAMIC_NO_PIC = NO;
				GCC_NO_COMMON_BLOCKS = YES;
				GCC_OPTIMIZATION_LEVEL = 0;
				GCC_PREPROCESSOR_DEFINITIONS = (
					"DEBUG=1",
					"$(inherited)",
				);
				GCC_WARN_64_TO_32_BIT_CONVERSION = YES;
				GCC_WARN_ABOUT_RETURN_TYPE = YES_ERROR;
				GCC_WARN_UNDECLARED_SELECTOR = YES;
				GCC_WARN_UNINITIALIZED_AUTOS = YES_AGGRESSIVE;
				GCC_WARN_UNUSED_FUNCTION = YES;
				GCC_WARN_UNUSED_VARIABLE = YES;
				IPHONEOS_DEPLOYMENT_TARGET = 13.0;
				MTL_ENABLE_DEBUG_INFO = INCLUDE_SOURCE;
				MTL_FAST_MATH = YES;
				ONLY_ACTIVE_ARCH = YES;
				SDKROOT = iphoneos;
				SWIFT_ACTIVE_COMPILATION_CONDITIONS = DEBUG;
				SWIFT_OPTIMIZATION_LEVEL = "-Onone";
			};
			name = Debug;
		};
		CBDA155023CB670C0070847D /* Release */ = {
			isa = XCBuildConfiguration;
			buildSettings = {
				ALWAYS_SEARCH_USER_PATHS = NO;
				CLANG_ANALYZER_NONNULL = YES;
				CLANG_ANALYZER_NUMBER_OBJECT_CONVERSION = YES_AGGRESSIVE;
				CLANG_CXX_LANGUAGE_STANDARD = "gnu++14";
				CLANG_CXX_LIBRARY = "libc++";
				CLANG_ENABLE_MODULES = YES;
				CLANG_ENABLE_OBJC_ARC = YES;
				CLANG_ENABLE_OBJC_WEAK = YES;
				CLANG_WARN_BLOCK_CAPTURE_AUTORELEASING = YES;
				CLANG_WARN_BOOL_CONVERSION = YES;
				CLANG_WARN_COMMA = YES;
				CLANG_WARN_CONSTANT_CONVERSION = YES;
				CLANG_WARN_DEPRECATED_OBJC_IMPLEMENTATIONS = YES;
				CLANG_WARN_DIRECT_OBJC_ISA_USAGE = YES_ERROR;
				CLANG_WARN_DOCUMENTATION_COMMENTS = YES;
				CLANG_WARN_EMPTY_BODY = YES;
				CLANG_WARN_ENUM_CONVERSION = YES;
				CLANG_WARN_INFINITE_RECURSION = YES;
				CLANG_WARN_INT_CONVERSION = YES;
				CLANG_WARN_NON_LITERAL_NULL_CONVERSION = YES;
				CLANG_WARN_OBJC_IMPLICIT_RETAIN_SELF = YES;
				CLANG_WARN_OBJC_LITERAL_CONVERSION = YES;
				CLANG_WARN_OBJC_ROOT_CLASS = YES_ERROR;
				CLANG_WARN_RANGE_LOOP_ANALYSIS = YES;
				CLANG_WARN_STRICT_PROTOTYPES = YES;
				CLANG_WARN_SUSPICIOUS_MOVE = YES;
				CLANG_WARN_UNGUARDED_AVAILABILITY = YES_AGGRESSIVE;
				CLANG_WARN_UNREACHABLE_CODE = YES;
				CLANG_WARN__DUPLICATE_METHOD_MATCH = YES;
				COPY_PHASE_STRIP = NO;
				DEBUG_INFORMATION_FORMAT = "dwarf-with-dsym";
				ENABLE_NS_ASSERTIONS = NO;
				ENABLE_STRICT_OBJC_MSGSEND = YES;
				GCC_C_LANGUAGE_STANDARD = gnu11;
				GCC_NO_COMMON_BLOCKS = YES;
				GCC_WARN_64_TO_32_BIT_CONVERSION = YES;
				GCC_WARN_ABOUT_RETURN_TYPE = YES_ERROR;
				GCC_WARN_UNDECLARED_SELECTOR = YES;
				GCC_WARN_UNINITIALIZED_AUTOS = YES_AGGRESSIVE;
				GCC_WARN_UNUSED_FUNCTION = YES;
				GCC_WARN_UNUSED_VARIABLE = YES;
				IPHONEOS_DEPLOYMENT_TARGET = 13.0;
				MTL_ENABLE_DEBUG_INFO = NO;
				MTL_FAST_MATH = YES;
				SDKROOT = iphoneos;
				SWIFT_COMPILATION_MODE = wholemodule;
				SWIFT_OPTIMIZATION_LEVEL = "-O";
				VALIDATE_PRODUCT = YES;
			};
			name = Release;
		};
		CBDA155223CB670C0070847D /* Debug */ = {
			isa = XCBuildConfiguration;
			buildSettings = {
				ASSETCATALOG_COMPILER_APPICON_NAME = AppIcon;
				CODE_SIGN_STYLE = Automatic;
				DEVELOPMENT_ASSET_PATHS = "";
				ENABLE_PREVIEWS = YES;
				INFOPLIST_FILE = GUI/Info.plist;
				LD_RUNPATH_SEARCH_PATHS = (
					"$(inherited)",
					"@executable_path/Frameworks",
				);
				PRODUCT_BUNDLE_IDENTIFIER = net.jenox.MasterThesis;
				PRODUCT_NAME = "$(TARGET_NAME)";
				SWIFT_VERSION = 5.0;
				TARGETED_DEVICE_FAMILY = 2;
			};
			name = Debug;
		};
		CBDA155323CB670C0070847D /* Release */ = {
			isa = XCBuildConfiguration;
			buildSettings = {
				ASSETCATALOG_COMPILER_APPICON_NAME = AppIcon;
				CODE_SIGN_STYLE = Automatic;
				DEVELOPMENT_ASSET_PATHS = "";
				ENABLE_PREVIEWS = YES;
				INFOPLIST_FILE = GUI/Info.plist;
				LD_RUNPATH_SEARCH_PATHS = (
					"$(inherited)",
					"@executable_path/Frameworks",
				);
				PRODUCT_BUNDLE_IDENTIFIER = net.jenox.MasterThesis;
				PRODUCT_NAME = "$(TARGET_NAME)";
				SWIFT_VERSION = 5.0;
				TARGETED_DEVICE_FAMILY = 2;
			};
			name = Release;
		};
/* End XCBuildConfiguration section */

/* Begin XCConfigurationList section */
		CB131A4D241543A600B5F5BB /* Build configuration list for PBXNativeTarget "CLI" */ = {
			isa = XCConfigurationList;
			buildConfigurations = (
				CB131A4E241543A600B5F5BB /* Debug */,
				CB131A4F241543A600B5F5BB /* Release */,
			);
			defaultConfigurationIsVisible = 0;
			defaultConfigurationName = Release;
		};
		CB2F82FA24784BE000060881 /* Build configuration list for PBXNativeTarget "Evaluation" */ = {
			isa = XCConfigurationList;
			buildConfigurations = (
				CB2F82F824784BE000060881 /* Debug */,
				CB2F82F924784BE000060881 /* Release */,
			);
			defaultConfigurationIsVisible = 0;
			defaultConfigurationName = Release;
		};
		CBDA153823CB670B0070847D /* Build configuration list for PBXProject "MasterThesis" */ = {
			isa = XCConfigurationList;
			buildConfigurations = (
				CBDA154F23CB670C0070847D /* Debug */,
				CBDA155023CB670C0070847D /* Release */,
			);
			defaultConfigurationIsVisible = 0;
			defaultConfigurationName = Release;
		};
		CBDA155123CB670C0070847D /* Build configuration list for PBXNativeTarget "GUI" */ = {
			isa = XCConfigurationList;
			buildConfigurations = (
				CBDA155223CB670C0070847D /* Debug */,
				CBDA155323CB670C0070847D /* Release */,
			);
			defaultConfigurationIsVisible = 0;
			defaultConfigurationName = Release;
		};
/* End XCConfigurationList section */

/* Begin XCRemoteSwiftPackageReference section */
		CB131A422415438300B5F5BB /* XCRemoteSwiftPackageReference "MultipeerKit" */ = {
			isa = XCRemoteSwiftPackageReference;
			repositoryURL = "https://github.com/insidegui/MultipeerKit";
			requirement = {
				kind = upToNextMajorVersion;
				minimumVersion = 0.1.2;
			};
		};
		CB131A53241543E700B5F5BB /* XCRemoteSwiftPackageReference "swift-argument-parser" */ = {
			isa = XCRemoteSwiftPackageReference;
			repositoryURL = "https://github.com/apple/swift-argument-parser";
			requirement = {
				kind = upToNextMajorVersion;
				minimumVersion = 0.0.2;
			};
		};
		CB1AA1B824045AA0009028F8 /* XCRemoteSwiftPackageReference "SnapKit" */ = {
			isa = XCRemoteSwiftPackageReference;
			repositoryURL = "https://github.com/SnapKit/SnapKit";
			requirement = {
				kind = upToNextMajorVersion;
				minimumVersion = 5.0.1;
			};
		};
/* End XCRemoteSwiftPackageReference section */

/* Begin XCSwiftPackageProductDependency section */
		CB131A432415438300B5F5BB /* MultipeerKit */ = {
			isa = XCSwiftPackageProductDependency;
			package = CB131A422415438300B5F5BB /* XCRemoteSwiftPackageReference "MultipeerKit" */;
			productName = MultipeerKit;
		};
		CB131A51241543AD00B5F5BB /* MultipeerKit */ = {
			isa = XCSwiftPackageProductDependency;
			package = CB131A422415438300B5F5BB /* XCRemoteSwiftPackageReference "MultipeerKit" */;
			productName = MultipeerKit;
		};
		CB131A54241543E700B5F5BB /* ArgumentParser */ = {
			isa = XCSwiftPackageProductDependency;
			package = CB131A53241543E700B5F5BB /* XCRemoteSwiftPackageReference "swift-argument-parser" */;
			productName = ArgumentParser;
		};
		CB1AA1B924045AA0009028F8 /* SnapKit */ = {
			isa = XCSwiftPackageProductDependency;
			package = CB1AA1B824045AA0009028F8 /* XCRemoteSwiftPackageReference "SnapKit" */;
			productName = SnapKit;
		};
		CB2F830124784C0100060881 /* Collections */ = {
			isa = XCSwiftPackageProductDependency;
			productName = Collections;
		};
		CB87646424796361002EDEE2 /* ArgumentParser */ = {
			isa = XCSwiftPackageProductDependency;
			package = CB131A53241543E700B5F5BB /* XCRemoteSwiftPackageReference "swift-argument-parser" */;
			productName = ArgumentParser;
		};
		CB8ACB9F247D9843001D7C16 /* Framework */ = {
			isa = XCSwiftPackageProductDependency;
			productName = Framework;
		};
		CBA25E1224312CD20019C766 /* Collections */ = {
			isa = XCSwiftPackageProductDependency;
			productName = Collections;
		};
		CBA25E1424312CD20019C766 /* Geometry */ = {
			isa = XCSwiftPackageProductDependency;
			productName = Geometry;
		};
		CBEE3C81247D817300BC8EBA /* Delaunay */ = {
			isa = XCSwiftPackageProductDependency;
			productName = Delaunay;
		};
		CBEE3C83247D817300BC8EBA /* Framework */ = {
			isa = XCSwiftPackageProductDependency;
			productName = Framework;
		};
/* End XCSwiftPackageProductDependency section */
	};
	rootObject = CBDA153523CB670B0070847D /* Project object */;
}
