<?xml version="1.0" encoding="UTF-8"?>
<Scheme
   LastUpgradeVersion = "1140"
   version = "1.3">
   <BuildAction
      parallelizeBuildables = "YES"
      buildImplicitDependencies = "YES">
      <BuildActionEntries>
         <BuildActionEntry
            buildForTesting = "YES"
            buildForRunning = "YES"
            buildForProfiling = "YES"
            buildForArchiving = "YES"
            buildForAnalyzing = "YES">
            <BuildableReference
               BuildableIdentifier = "primary"
               BlueprintIdentifier = "Evaluation"
               BuildableName = "Evaluation"
               BlueprintName = "Evaluation"
               ReferencedContainer = "container:Modules">
            </BuildableReference>
         </BuildActionEntry>
      </BuildActionEntries>
   </BuildAction>
   <TestAction
      buildConfiguration = "Debug"
      selectedDebuggerIdentifier = "Xcode.DebuggerFoundation.Debugger.LLDB"
      selectedLauncherIdentifier = "Xcode.DebuggerFoundation.Launcher.LLDB"
      shouldUseLaunchSchemeArgsEnv = "YES">
      <Testables>
      </Testables>
   </TestAction>
   <LaunchAction
      buildConfiguration = "Release"
      selectedDebuggerIdentifier = "Xcode.DebuggerFoundation.Debugger.LLDB"
      selectedLauncherIdentifier = "Xcode.DebuggerFoundation.Launcher.LLDB"
      launchStyle = "0"
      useCustomWorkingDirectory = "NO"
      ignoresPersistentStateOnLaunch = "NO"
      debugDocumentVersioning = "YES"
      debugServiceExtension = "internal"
      allowLocationSimulation = "YES">
      <BuildableProductRunnable
         runnableDebuggingMode = "0">
         <BuildableReference
            BuildableIdentifier = "primary"
            BlueprintIdentifier = "Evaluation"
            BuildableName = "Evaluation"
            BlueprintName = "Evaluation"
            ReferencedContainer = "container:Modules">
         </BuildableReference>
      </BuildableProductRunnable>
      <CommandLineArguments>
         <CommandLineArgument
            argument = "benchmark"
            isEnabled = "NO">
         </CommandLineArgument>
         <CommandLineArgument
            argument = "generate --output-file=/Users/jenox/Desktop/Master-Thesis/Evaluation/uuids.txt"
            isEnabled = "NO">
         </CommandLineArgument>
         <CommandLineArgument
            argument = "pipeline --number-of-vertices=10 --nesting-ratio=0 --nesting-bias=0 --uuid-file=/Users/jenox/Desktop/Master-Thesis/Evaluation/uuids.txt --output-directory=/Users/jenox/Desktop/Master-Thesis/Evaluation/graphs/"
            isEnabled = "NO">
         </CommandLineArgument>
         <CommandLineArgument
            argument = "evaluate --number-of-vertices=10 --nesting-ratio=0 --nesting-bias=0 --input-directory=/Users/jenox/Desktop/Master-Thesis/Evaluation/graphs/ --output-directory=/Users/jenox/Desktop/Master-Thesis/Evaluation/metrics/"
            isEnabled = "NO">
         </CommandLineArgument>
         <CommandLineArgument
            argument = "render --number-of-vertices=10 --nesting-ratio=0 --nesting-bias=0 --input-directory=/Users/jenox/Desktop/Master-Thesis/Evaluation/graphs/ --output-directory=/Users/jenox/Desktop/Master-Thesis/Evaluation/drawings/ --pressure=false"
            isEnabled = "YES">
         </CommandLineArgument>
      </CommandLineArguments>
      <EnvironmentVariables>
         <EnvironmentVariable
            key = "SWIFT_DETERMINISTIC_HASHING"
            value = "1"
            isEnabled = "YES">
         </EnvironmentVariable>
      </EnvironmentVariables>
   </LaunchAction>
   <ProfileAction
      buildConfiguration = "Release"
      shouldUseLaunchSchemeArgsEnv = "YES"
      savedToolIdentifier = ""
      useCustomWorkingDirectory = "NO"
      debugDocumentVersioning = "YES">
      <BuildableProductRunnable
         runnableDebuggingMode = "0">
         <BuildableReference
            BuildableIdentifier = "primary"
            BlueprintIdentifier = "Evaluation"
            BuildableName = "Evaluation"
            BlueprintName = "Evaluation"
            ReferencedContainer = "container:Modules">
         </BuildableReference>
      </BuildableProductRunnable>
   </ProfileAction>
   <AnalyzeAction
      buildConfiguration = "Debug">
   </AnalyzeAction>
   <ArchiveAction
      buildConfiguration = "Release"
      revealArchiveInOrganizer = "YES">
   </ArchiveAction>
</Scheme>
