// !$*UTF8*$!
{
	archiveVersion = 1;
	classes = {
	};
	objectVersion = 52;
	objects = {

/* Begin PBXBuildFile section */
		CB1AA1BA24045AA0009028F8 /* SnapKit in Frameworks */ = {isa = PBXBuildFile; productRef = CB1AA1B924045AA0009028F8 /* SnapKit */; };
		CB5A22DD23F33C6F00001A2F /* Polygon.swift in Sources */ = {isa = PBXBuildFile; fileRef = CB5A22DC23F33C6F00001A2F /* Polygon.swift */; };
		CB5A22DE23F3524A00001A2F /* Polygon.swift in Sources */ = {isa = PBXBuildFile; fileRef = CB5A22DC23F33C6F00001A2F /* Polygon.swift */; };
		CB5A22E023F352B800001A2F /* PolygonTests.swift in Sources */ = {isa = PBXBuildFile; fileRef = CB5A22DF23F352B800001A2F /* PolygonTests.swift */; };
		CBDA154123CB670B0070847D /* AppDelegate.swift in Sources */ = {isa = PBXBuildFile; fileRef = CBDA154023CB670B0070847D /* AppDelegate.swift */; };
		CBDA154723CB670C0070847D /* Assets.xcassets in Resources */ = {isa = PBXBuildFile; fileRef = CBDA154623CB670C0070847D /* Assets.xcassets */; };
		CBDA154A23CB670C0070847D /* Preview Assets.xcassets in Resources */ = {isa = PBXBuildFile; fileRef = CBDA154923CB670C0070847D /* Preview Assets.xcassets */; };
		CBDA154D23CB670C0070847D /* LaunchScreen.storyboard in Resources */ = {isa = PBXBuildFile; fileRef = CBDA154B23CB670C0070847D /* LaunchScreen.storyboard */; };
		CBDA155523CB67400070847D /* ViewController.swift in Sources */ = {isa = PBXBuildFile; fileRef = CBDA155423CB67400070847D /* ViewController.swift */; };
		CBDA155723CB800F0070847D /* VertexWeightedGraph.swift in Sources */ = {isa = PBXBuildFile; fileRef = CBDA155623CB800F0070847D /* VertexWeightedGraph.swift */; };
		CBDA155F23CB88850070847D /* MasterThesisTests.swift in Sources */ = {isa = PBXBuildFile; fileRef = CBDA155E23CB88850070847D /* MasterThesisTests.swift */; };
		CBDA156423CB88B50070847D /* VertexWeightedGraph.swift in Sources */ = {isa = PBXBuildFile; fileRef = CBDA155623CB800F0070847D /* VertexWeightedGraph.swift */; };
		CBDA156623CB9D1C0070847D /* CGVector.swift in Sources */ = {isa = PBXBuildFile; fileRef = CBDA156523CB9D1C0070847D /* CGVector.swift */; };
		CBDA156823CB9D240070847D /* Angle.swift in Sources */ = {isa = PBXBuildFile; fileRef = CBDA156723CB9D240070847D /* Angle.swift */; };
		CBDA156923CB9D320070847D /* Angle.swift in Sources */ = {isa = PBXBuildFile; fileRef = CBDA156723CB9D240070847D /* Angle.swift */; };
		CBDA156A23CB9D340070847D /* CGVector.swift in Sources */ = {isa = PBXBuildFile; fileRef = CBDA156523CB9D1C0070847D /* CGVector.swift */; };
		CBDA156C23CBA6EA0070847D /* FaceWeightedGraph.swift in Sources */ = {isa = PBXBuildFile; fileRef = CBDA156B23CBA6EA0070847D /* FaceWeightedGraph.swift */; };
		CBDA156E23CBA7000070847D /* DirectedEdge.swift in Sources */ = {isa = PBXBuildFile; fileRef = CBDA156D23CBA7000070847D /* DirectedEdge.swift */; };
		CBDA157023CBA70B0070847D /* Collection.swift in Sources */ = {isa = PBXBuildFile; fileRef = CBDA156F23CBA70B0070847D /* Collection.swift */; };
		CBDA157123CBA7440070847D /* Collection.swift in Sources */ = {isa = PBXBuildFile; fileRef = CBDA156F23CBA70B0070847D /* Collection.swift */; };
		CBDA157223CBA7440070847D /* DirectedEdge.swift in Sources */ = {isa = PBXBuildFile; fileRef = CBDA156D23CBA7000070847D /* DirectedEdge.swift */; };
		CBDA157323CBA7440070847D /* FaceWeightedGraph.swift in Sources */ = {isa = PBXBuildFile; fileRef = CBDA156B23CBA6EA0070847D /* FaceWeightedGraph.swift */; };
		CBEE493823E1E18900986877 /* Face.swift in Sources */ = {isa = PBXBuildFile; fileRef = CBEE493723E1E18900986877 /* Face.swift */; };
		CBEE493A23E1E1BC00986877 /* FaceTests.swift in Sources */ = {isa = PBXBuildFile; fileRef = CBEE493923E1E1BC00986877 /* FaceTests.swift */; };
		CBEE493B23E1E1F000986877 /* Face.swift in Sources */ = {isa = PBXBuildFile; fileRef = CBEE493723E1E18900986877 /* Face.swift */; };
		CBEE493D23E1EAE100986877 /* Transformation.swift in Sources */ = {isa = PBXBuildFile; fileRef = CBEE493C23E1EAE100986877 /* Transformation.swift */; };
		CBF37CEB24014CCD00AA4846 /* Misc.swift in Sources */ = {isa = PBXBuildFile; fileRef = CBF37CEA24014CCD00AA4846 /* Misc.swift */; };
		CBF37CED240150FB00AA4846 /* ForceApplicator.swift in Sources */ = {isa = PBXBuildFile; fileRef = CBF37CEC240150FB00AA4846 /* ForceApplicator.swift */; };
		CBF37CEF240151FE00AA4846 /* ForceComputer.swift in Sources */ = {isa = PBXBuildFile; fileRef = CBF37CEE240151FE00AA4846 /* ForceComputer.swift */; };
		CBF37CF12401844C00AA4846 /* Other.swift in Sources */ = {isa = PBXBuildFile; fileRef = CBF37CF02401844C00AA4846 /* Other.swift */; };
		CBF37CF32401846D00AA4846 /* CGPoint.swift in Sources */ = {isa = PBXBuildFile; fileRef = CBF37CF22401846D00AA4846 /* CGPoint.swift */; };
/* End PBXBuildFile section */

/* Begin PBXFileReference section */
		CB5A22DC23F33C6F00001A2F /* Polygon.swift */ = {isa = PBXFileReference; lastKnownFileType = sourcecode.swift; path = Polygon.swift; sourceTree = "<group>"; };
		CB5A22DF23F352B800001A2F /* PolygonTests.swift */ = {isa = PBXFileReference; lastKnownFileType = sourcecode.swift; path = PolygonTests.swift; sourceTree = "<group>"; };
		CBDA153D23CB670B0070847D /* MasterThesis.app */ = {isa = PBXFileReference; explicitFileType = wrapper.application; includeInIndex = 0; path = MasterThesis.app; sourceTree = BUILT_PRODUCTS_DIR; };
		CBDA154023CB670B0070847D /* AppDelegate.swift */ = {isa = PBXFileReference; lastKnownFileType = sourcecode.swift; path = AppDelegate.swift; sourceTree = "<group>"; };
		CBDA154623CB670C0070847D /* Assets.xcassets */ = {isa = PBXFileReference; lastKnownFileType = folder.assetcatalog; path = Assets.xcassets; sourceTree = "<group>"; };
		CBDA154923CB670C0070847D /* Preview Assets.xcassets */ = {isa = PBXFileReference; lastKnownFileType = folder.assetcatalog; path = "Preview Assets.xcassets"; sourceTree = "<group>"; };
		CBDA154C23CB670C0070847D /* Base */ = {isa = PBXFileReference; lastKnownFileType = file.storyboard; name = Base; path = Base.lproj/LaunchScreen.storyboard; sourceTree = "<group>"; };
		CBDA154E23CB670C0070847D /* Info.plist */ = {isa = PBXFileReference; lastKnownFileType = text.plist.xml; path = Info.plist; sourceTree = "<group>"; };
		CBDA155423CB67400070847D /* ViewController.swift */ = {isa = PBXFileReference; lastKnownFileType = sourcecode.swift; path = ViewController.swift; sourceTree = "<group>"; };
		CBDA155623CB800F0070847D /* VertexWeightedGraph.swift */ = {isa = PBXFileReference; lastKnownFileType = sourcecode.swift; path = VertexWeightedGraph.swift; sourceTree = "<group>"; };
		CBDA155C23CB88850070847D /* MasterThesisTests.xctest */ = {isa = PBXFileReference; explicitFileType = wrapper.cfbundle; includeInIndex = 0; path = MasterThesisTests.xctest; sourceTree = BUILT_PRODUCTS_DIR; };
		CBDA155E23CB88850070847D /* MasterThesisTests.swift */ = {isa = PBXFileReference; lastKnownFileType = sourcecode.swift; path = MasterThesisTests.swift; sourceTree = "<group>"; };
		CBDA156023CB88850070847D /* Info.plist */ = {isa = PBXFileReference; lastKnownFileType = text.plist.xml; path = Info.plist; sourceTree = "<group>"; };
		CBDA156523CB9D1C0070847D /* CGVector.swift */ = {isa = PBXFileReference; lastKnownFileType = sourcecode.swift; path = CGVector.swift; sourceTree = "<group>"; };
		CBDA156723CB9D240070847D /* Angle.swift */ = {isa = PBXFileReference; lastKnownFileType = sourcecode.swift; path = Angle.swift; sourceTree = "<group>"; };
		CBDA156B23CBA6EA0070847D /* FaceWeightedGraph.swift */ = {isa = PBXFileReference; lastKnownFileType = sourcecode.swift; path = FaceWeightedGraph.swift; sourceTree = "<group>"; };
		CBDA156D23CBA7000070847D /* DirectedEdge.swift */ = {isa = PBXFileReference; lastKnownFileType = sourcecode.swift; path = DirectedEdge.swift; sourceTree = "<group>"; };
		CBDA156F23CBA70B0070847D /* Collection.swift */ = {isa = PBXFileReference; lastKnownFileType = sourcecode.swift; path = Collection.swift; sourceTree = "<group>"; };
		CBEE493723E1E18900986877 /* Face.swift */ = {isa = PBXFileReference; lastKnownFileType = sourcecode.swift; path = Face.swift; sourceTree = "<group>"; };
		CBEE493923E1E1BC00986877 /* FaceTests.swift */ = {isa = PBXFileReference; lastKnownFileType = sourcecode.swift; path = FaceTests.swift; sourceTree = "<group>"; };
		CBEE493C23E1EAE100986877 /* Transformation.swift */ = {isa = PBXFileReference; lastKnownFileType = sourcecode.swift; path = Transformation.swift; sourceTree = "<group>"; };
		CBF37CEA24014CCD00AA4846 /* Misc.swift */ = {isa = PBXFileReference; lastKnownFileType = sourcecode.swift; path = Misc.swift; sourceTree = "<group>"; };
		CBF37CEC240150FB00AA4846 /* ForceApplicator.swift */ = {isa = PBXFileReference; lastKnownFileType = sourcecode.swift; path = ForceApplicator.swift; sourceTree = "<group>"; };
		CBF37CEE240151FE00AA4846 /* ForceComputer.swift */ = {isa = PBXFileReference; lastKnownFileType = sourcecode.swift; path = ForceComputer.swift; sourceTree = "<group>"; };
		CBF37CF02401844C00AA4846 /* Other.swift */ = {isa = PBXFileReference; lastKnownFileType = sourcecode.swift; path = Other.swift; sourceTree = "<group>"; };
		CBF37CF22401846D00AA4846 /* CGPoint.swift */ = {isa = PBXFileReference; lastKnownFileType = sourcecode.swift; path = CGPoint.swift; sourceTree = "<group>"; };
/* End PBXFileReference section */

/* Begin PBXFrameworksBuildPhase section */
		CBDA153A23CB670B0070847D /* Frameworks */ = {
			isa = PBXFrameworksBuildPhase;
			buildActionMask = 2147483647;
			files = (
				CB1AA1BA24045AA0009028F8 /* SnapKit in Frameworks */,
			);
			runOnlyForDeploymentPostprocessing = 0;
		};
		CBDA155923CB88850070847D /* Frameworks */ = {
			isa = PBXFrameworksBuildPhase;
			buildActionMask = 2147483647;
			files = (
			);
			runOnlyForDeploymentPostprocessing = 0;
		};
/* End PBXFrameworksBuildPhase section */

/* Begin PBXGroup section */
		CBDA153423CB670B0070847D = {
			isa = PBXGroup;
			children = (
				CBDA153F23CB670B0070847D /* MasterThesis */,
				CBDA155D23CB88850070847D /* MasterThesisTests */,
				CBDA153E23CB670B0070847D /* Products */,
			);
			sourceTree = "<group>";
		};
		CBDA153E23CB670B0070847D /* Products */ = {
			isa = PBXGroup;
			children = (
				CBDA153D23CB670B0070847D /* MasterThesis.app */,
				CBDA155C23CB88850070847D /* MasterThesisTests.xctest */,
			);
			name = Products;
			sourceTree = "<group>";
		};
		CBDA153F23CB670B0070847D /* MasterThesis */ = {
			isa = PBXGroup;
			children = (
				CBDA154023CB670B0070847D /* AppDelegate.swift */,
				CBDA155423CB67400070847D /* ViewController.swift */,
				CBF37CE924014BF500AA4846 /* Algorithm */,
				CBEE493623E1E17B00986877 /* Graph */,
				CBF37CE724014BC600AA4846 /* Geometry */,
				CBF37CE824014BD800AA4846 /* Other */,
				CBDA154623CB670C0070847D /* Assets.xcassets */,
				CBDA154B23CB670C0070847D /* LaunchScreen.storyboard */,
				CBDA154E23CB670C0070847D /* Info.plist */,
				CBDA154823CB670C0070847D /* Preview Content */,
			);
			path = MasterThesis;
			sourceTree = "<group>";
		};
		CBDA154823CB670C0070847D /* Preview Content */ = {
			isa = PBXGroup;
			children = (
				CBDA154923CB670C0070847D /* Preview Assets.xcassets */,
			);
			path = "Preview Content";
			sourceTree = "<group>";
		};
		CBDA155D23CB88850070847D /* MasterThesisTests */ = {
			isa = PBXGroup;
			children = (
				CBDA155E23CB88850070847D /* MasterThesisTests.swift */,
				CBEE493923E1E1BC00986877 /* FaceTests.swift */,
				CB5A22DF23F352B800001A2F /* PolygonTests.swift */,
				CBDA156023CB88850070847D /* Info.plist */,
			);
			path = MasterThesisTests;
			sourceTree = "<group>";
		};
		CBEE493623E1E17B00986877 /* Graph */ = {
			isa = PBXGroup;
			children = (
				CBEE493723E1E18900986877 /* Face.swift */,
				CBDA156D23CBA7000070847D /* DirectedEdge.swift */,
				CBDA155623CB800F0070847D /* VertexWeightedGraph.swift */,
				CBDA156B23CBA6EA0070847D /* FaceWeightedGraph.swift */,
			);
			path = Graph;
			sourceTree = "<group>";
		};
		CBF37CE724014BC600AA4846 /* Geometry */ = {
			isa = PBXGroup;
			children = (
				CBDA156523CB9D1C0070847D /* CGVector.swift */,
				CBF37CF22401846D00AA4846 /* CGPoint.swift */,
				CBDA156723CB9D240070847D /* Angle.swift */,
				CB5A22DC23F33C6F00001A2F /* Polygon.swift */,
				CBF37CEA24014CCD00AA4846 /* Misc.swift */,
			);
			path = Geometry;
			sourceTree = "<group>";
		};
		CBF37CE824014BD800AA4846 /* Other */ = {
			isa = PBXGroup;
			children = (
				CBDA156F23CBA70B0070847D /* Collection.swift */,
				CBF37CF02401844C00AA4846 /* Other.swift */,
			);
			path = Other;
			sourceTree = "<group>";
		};
		CBF37CE924014BF500AA4846 /* Algorithm */ = {
			isa = PBXGroup;
			children = (
				CBEE493C23E1EAE100986877 /* Transformation.swift */,
				CBF37CEE240151FE00AA4846 /* ForceComputer.swift */,
				CBF37CEC240150FB00AA4846 /* ForceApplicator.swift */,
			);
			path = Algorithm;
			sourceTree = "<group>";
		};
/* End PBXGroup section */

/* Begin PBXNativeTarget section */
		CBDA153C23CB670B0070847D /* MasterThesis */ = {
			isa = PBXNativeTarget;
			buildConfigurationList = CBDA155123CB670C0070847D /* Build configuration list for PBXNativeTarget "MasterThesis" */;
			buildPhases = (
				CBDA153923CB670B0070847D /* Sources */,
				CBDA153A23CB670B0070847D /* Frameworks */,
				CBDA153B23CB670B0070847D /* Resources */,
			);
			buildRules = (
			);
			dependencies = (
			);
			name = MasterThesis;
			packageProductDependencies = (
				CB1AA1B924045AA0009028F8 /* SnapKit */,
			);
			productName = MasterThesis;
			productReference = CBDA153D23CB670B0070847D /* MasterThesis.app */;
			productType = "com.apple.product-type.application";
		};
		CBDA155B23CB88850070847D /* MasterThesisTests */ = {
			isa = PBXNativeTarget;
			buildConfigurationList = CBDA156123CB88850070847D /* Build configuration list for PBXNativeTarget "MasterThesisTests" */;
			buildPhases = (
				CBDA155823CB88850070847D /* Sources */,
				CBDA155923CB88850070847D /* Frameworks */,
				CBDA155A23CB88850070847D /* Resources */,
			);
			buildRules = (
			);
			dependencies = (
			);
			name = MasterThesisTests;
			productName = MasterThesisTests;
			productReference = CBDA155C23CB88850070847D /* MasterThesisTests.xctest */;
			productType = "com.apple.product-type.bundle.unit-test";
		};
/* End PBXNativeTarget section */

/* Begin PBXProject section */
		CBDA153523CB670B0070847D /* Project object */ = {
			isa = PBXProject;
			attributes = {
				LastSwiftUpdateCheck = 1130;
				LastUpgradeCheck = 1130;
				ORGANIZATIONNAME = "Christian Schnorr";
				TargetAttributes = {
					CBDA153C23CB670B0070847D = {
						CreatedOnToolsVersion = 11.3;
					};
					CBDA155B23CB88850070847D = {
						CreatedOnToolsVersion = 11.3;
					};
				};
			};
			buildConfigurationList = CBDA153823CB670B0070847D /* Build configuration list for PBXProject "MasterThesis" */;
			compatibilityVersion = "Xcode 9.3";
			developmentRegion = en;
			hasScannedForEncodings = 0;
			knownRegions = (
				en,
				Base,
			);
			mainGroup = CBDA153423CB670B0070847D;
			packageReferences = (
				CB1AA1B824045AA0009028F8 /* XCRemoteSwiftPackageReference "SnapKit" */,
			);
			productRefGroup = CBDA153E23CB670B0070847D /* Products */;
			projectDirPath = "";
			projectRoot = "";
			targets = (
				CBDA153C23CB670B0070847D /* MasterThesis */,
				CBDA155B23CB88850070847D /* MasterThesisTests */,
			);
		};
/* End PBXProject section */

/* Begin PBXResourcesBuildPhase section */
		CBDA153B23CB670B0070847D /* Resources */ = {
			isa = PBXResourcesBuildPhase;
			buildActionMask = 2147483647;
			files = (
				CBDA154D23CB670C0070847D /* LaunchScreen.storyboard in Resources */,
				CBDA154A23CB670C0070847D /* Preview Assets.xcassets in Resources */,
				CBDA154723CB670C0070847D /* Assets.xcassets in Resources */,
			);
			runOnlyForDeploymentPostprocessing = 0;
		};
		CBDA155A23CB88850070847D /* Resources */ = {
			isa = PBXResourcesBuildPhase;
			buildActionMask = 2147483647;
			files = (
			);
			runOnlyForDeploymentPostprocessing = 0;
		};
/* End PBXResourcesBuildPhase section */

/* Begin PBXSourcesBuildPhase section */
		CBDA153923CB670B0070847D /* Sources */ = {
			isa = PBXSourcesBuildPhase;
			buildActionMask = 2147483647;
			files = (
				CBDA155523CB67400070847D /* ViewController.swift in Sources */,
				CBDA156823CB9D240070847D /* Angle.swift in Sources */,
				CBDA156C23CBA6EA0070847D /* FaceWeightedGraph.swift in Sources */,
				CBF37CF12401844C00AA4846 /* Other.swift in Sources */,
				CBDA156E23CBA7000070847D /* DirectedEdge.swift in Sources */,
				CBF37CEF240151FE00AA4846 /* ForceComputer.swift in Sources */,
				CBEE493D23E1EAE100986877 /* Transformation.swift in Sources */,
				CB5A22DD23F33C6F00001A2F /* Polygon.swift in Sources */,
				CBEE493823E1E18900986877 /* Face.swift in Sources */,
				CBDA155723CB800F0070847D /* VertexWeightedGraph.swift in Sources */,
				CBF37CED240150FB00AA4846 /* ForceApplicator.swift in Sources */,
				CBDA154123CB670B0070847D /* AppDelegate.swift in Sources */,
				CBF37CF32401846D00AA4846 /* CGPoint.swift in Sources */,
				CBF37CEB24014CCD00AA4846 /* Misc.swift in Sources */,
				CBDA156623CB9D1C0070847D /* CGVector.swift in Sources */,
				CBDA157023CBA70B0070847D /* Collection.swift in Sources */,
			);
			runOnlyForDeploymentPostprocessing = 0;
		};
		CBDA155823CB88850070847D /* Sources */ = {
			isa = PBXSourcesBuildPhase;
			buildActionMask = 2147483647;
			files = (
				CBDA155F23CB88850070847D /* MasterThesisTests.swift in Sources */,
				CBDA157123CBA7440070847D /* Collection.swift in Sources */,
				CBDA157223CBA7440070847D /* DirectedEdge.swift in Sources */,
				CBDA156923CB9D320070847D /* Angle.swift in Sources */,
				CB5A22E023F352B800001A2F /* PolygonTests.swift in Sources */,
				CBEE493B23E1E1F000986877 /* Face.swift in Sources */,
				CBEE493A23E1E1BC00986877 /* FaceTests.swift in Sources */,
				CB5A22DE23F3524A00001A2F /* Polygon.swift in Sources */,
				CBDA156423CB88B50070847D /* VertexWeightedGraph.swift in Sources */,
				CBDA156A23CB9D340070847D /* CGVector.swift in Sources */,
				CBDA157323CBA7440070847D /* FaceWeightedGraph.swift in Sources */,
			);
			runOnlyForDeploymentPostprocessing = 0;
		};
/* End PBXSourcesBuildPhase section */

/* Begin PBXVariantGroup section */
		CBDA154B23CB670C0070847D /* LaunchScreen.storyboard */ = {
			isa = PBXVariantGroup;
			children = (
				CBDA154C23CB670C0070847D /* Base */,
			);
			name = LaunchScreen.storyboard;
			sourceTree = "<group>";
		};
/* End PBXVariantGroup section */

/* Begin XCBuildConfiguration section */
		CBDA154F23CB670C0070847D /* Debug */ = {
			isa = XCBuildConfiguration;
			buildSettings = {
				ALWAYS_SEARCH_USER_PATHS = NO;
				CLANG_ANALYZER_NONNULL = YES;
				CLANG_ANALYZER_NUMBER_OBJECT_CONVERSION = YES_AGGRESSIVE;
				CLANG_CXX_LANGUAGE_STANDARD = "gnu++14";
				CLANG_CXX_LIBRARY = "libc++";
				CLANG_ENABLE_MODULES = YES;
				CLANG_ENABLE_OBJC_ARC = YES;
				CLANG_ENABLE_OBJC_WEAK = YES;
				CLANG_WARN_BLOCK_CAPTURE_AUTORELEASING = YES;
				CLANG_WARN_BOOL_CONVERSION = YES;
				CLANG_WARN_COMMA = YES;
				CLANG_WARN_CONSTANT_CONVERSION = YES;
				CLANG_WARN_DEPRECATED_OBJC_IMPLEMENTATIONS = YES;
				CLANG_WARN_DIRECT_OBJC_ISA_USAGE = YES_ERROR;
				CLANG_WARN_DOCUMENTATION_COMMENTS = YES;
				CLANG_WARN_EMPTY_BODY = YES;
				CLANG_WARN_ENUM_CONVERSION = YES;
				CLANG_WARN_INFINITE_RECURSION = YES;
				CLANG_WARN_INT_CONVERSION = YES;
				CLANG_WARN_NON_LITERAL_NULL_CONVERSION = YES;
				CLANG_WARN_OBJC_IMPLICIT_RETAIN_SELF = YES;
				CLANG_WARN_OBJC_LITERAL_CONVERSION = YES;
				CLANG_WARN_OBJC_ROOT_CLASS = YES_ERROR;
				CLANG_WARN_RANGE_LOOP_ANALYSIS = YES;
				CLANG_WARN_STRICT_PROTOTYPES = YES;
				CLANG_WARN_SUSPICIOUS_MOVE = YES;
				CLANG_WARN_UNGUARDED_AVAILABILITY = YES_AGGRESSIVE;
				CLANG_WARN_UNREACHABLE_CODE = YES;
				CLANG_WARN__DUPLICATE_METHOD_MATCH = YES;
				COPY_PHASE_STRIP = NO;
				DEBUG_INFORMATION_FORMAT = dwarf;
				ENABLE_STRICT_OBJC_MSGSEND = YES;
				ENABLE_TESTABILITY = YES;
				GCC_C_LANGUAGE_STANDARD = gnu11;
				GCC_DYNAMIC_NO_PIC = NO;
				GCC_NO_COMMON_BLOCKS = YES;
				GCC_OPTIMIZATION_LEVEL = 0;
				GCC_PREPROCESSOR_DEFINITIONS = (
					"DEBUG=1",
					"$(inherited)",
				);
				GCC_WARN_64_TO_32_BIT_CONVERSION = YES;
				GCC_WARN_ABOUT_RETURN_TYPE = YES_ERROR;
				GCC_WARN_UNDECLARED_SELECTOR = YES;
				GCC_WARN_UNINITIALIZED_AUTOS = YES_AGGRESSIVE;
				GCC_WARN_UNUSED_FUNCTION = YES;
				GCC_WARN_UNUSED_VARIABLE = YES;
				IPHONEOS_DEPLOYMENT_TARGET = 13.2;
				MTL_ENABLE_DEBUG_INFO = INCLUDE_SOURCE;
				MTL_FAST_MATH = YES;
				ONLY_ACTIVE_ARCH = YES;
				SDKROOT = iphoneos;
				SWIFT_ACTIVE_COMPILATION_CONDITIONS = DEBUG;
				SWIFT_OPTIMIZATION_LEVEL = "-Onone";
			};
			name = Debug;
		};
		CBDA155023CB670C0070847D /* Release */ = {
			isa = XCBuildConfiguration;
			buildSettings = {
				ALWAYS_SEARCH_USER_PATHS = NO;
				CLANG_ANALYZER_NONNULL = YES;
				CLANG_ANALYZER_NUMBER_OBJECT_CONVERSION = YES_AGGRESSIVE;
				CLANG_CXX_LANGUAGE_STANDARD = "gnu++14";
				CLANG_CXX_LIBRARY = "libc++";
				CLANG_ENABLE_MODULES = YES;
				CLANG_ENABLE_OBJC_ARC = YES;
				CLANG_ENABLE_OBJC_WEAK = YES;
				CLANG_WARN_BLOCK_CAPTURE_AUTORELEASING = YES;
				CLANG_WARN_BOOL_CONVERSION = YES;
				CLANG_WARN_COMMA = YES;
				CLANG_WARN_CONSTANT_CONVERSION = YES;
				CLANG_WARN_DEPRECATED_OBJC_IMPLEMENTATIONS = YES;
				CLANG_WARN_DIRECT_OBJC_ISA_USAGE = YES_ERROR;
				CLANG_WARN_DOCUMENTATION_COMMENTS = YES;
				CLANG_WARN_EMPTY_BODY = YES;
				CLANG_WARN_ENUM_CONVERSION = YES;
				CLANG_WARN_INFINITE_RECURSION = YES;
				CLANG_WARN_INT_CONVERSION = YES;
				CLANG_WARN_NON_LITERAL_NULL_CONVERSION = YES;
				CLANG_WARN_OBJC_IMPLICIT_RETAIN_SELF = YES;
				CLANG_WARN_OBJC_LITERAL_CONVERSION = YES;
				CLANG_WARN_OBJC_ROOT_CLASS = YES_ERROR;
				CLANG_WARN_RANGE_LOOP_ANALYSIS = YES;
				CLANG_WARN_STRICT_PROTOTYPES = YES;
				CLANG_WARN_SUSPICIOUS_MOVE = YES;
				CLANG_WARN_UNGUARDED_AVAILABILITY = YES_AGGRESSIVE;
				CLANG_WARN_UNREACHABLE_CODE = YES;
				CLANG_WARN__DUPLICATE_METHOD_MATCH = YES;
				COPY_PHASE_STRIP = NO;
				DEBUG_INFORMATION_FORMAT = "dwarf-with-dsym";
				ENABLE_NS_ASSERTIONS = NO;
				ENABLE_STRICT_OBJC_MSGSEND = YES;
				GCC_C_LANGUAGE_STANDARD = gnu11;
				GCC_NO_COMMON_BLOCKS = YES;
				GCC_WARN_64_TO_32_BIT_CONVERSION = YES;
				GCC_WARN_ABOUT_RETURN_TYPE = YES_ERROR;
				GCC_WARN_UNDECLARED_SELECTOR = YES;
				GCC_WARN_UNINITIALIZED_AUTOS = YES_AGGRESSIVE;
				GCC_WARN_UNUSED_FUNCTION = YES;
				GCC_WARN_UNUSED_VARIABLE = YES;
				IPHONEOS_DEPLOYMENT_TARGET = 13.2;
				MTL_ENABLE_DEBUG_INFO = NO;
				MTL_FAST_MATH = YES;
				SDKROOT = iphoneos;
				SWIFT_COMPILATION_MODE = wholemodule;
				SWIFT_OPTIMIZATION_LEVEL = "-O";
				VALIDATE_PRODUCT = YES;
			};
			name = Release;
		};
		CBDA155223CB670C0070847D /* Debug */ = {
			isa = XCBuildConfiguration;
			buildSettings = {
				ASSETCATALOG_COMPILER_APPICON_NAME = AppIcon;
				CODE_SIGN_STYLE = Automatic;
				DEVELOPMENT_ASSET_PATHS = "\"MasterThesis/Preview Content\"";
				ENABLE_PREVIEWS = YES;
				INFOPLIST_FILE = MasterThesis/Info.plist;
				LD_RUNPATH_SEARCH_PATHS = (
					"$(inherited)",
					"@executable_path/Frameworks",
				);
				PRODUCT_BUNDLE_IDENTIFIER = net.jenox.MasterThesis;
				PRODUCT_NAME = "$(TARGET_NAME)";
				SWIFT_VERSION = 5.0;
				TARGETED_DEVICE_FAMILY = 2;
			};
			name = Debug;
		};
		CBDA155323CB670C0070847D /* Release */ = {
			isa = XCBuildConfiguration;
			buildSettings = {
				ASSETCATALOG_COMPILER_APPICON_NAME = AppIcon;
				CODE_SIGN_STYLE = Automatic;
				DEVELOPMENT_ASSET_PATHS = "\"MasterThesis/Preview Content\"";
				ENABLE_PREVIEWS = YES;
				INFOPLIST_FILE = MasterThesis/Info.plist;
				LD_RUNPATH_SEARCH_PATHS = (
					"$(inherited)",
					"@executable_path/Frameworks",
				);
				PRODUCT_BUNDLE_IDENTIFIER = net.jenox.MasterThesis;
				PRODUCT_NAME = "$(TARGET_NAME)";
				SWIFT_VERSION = 5.0;
				TARGETED_DEVICE_FAMILY = 2;
			};
			name = Release;
		};
		CBDA156223CB88850070847D /* Debug */ = {
			isa = XCBuildConfiguration;
			buildSettings = {
				CODE_SIGN_STYLE = Automatic;
				INFOPLIST_FILE = MasterThesisTests/Info.plist;
				LD_RUNPATH_SEARCH_PATHS = (
					"$(inherited)",
					"@executable_path/Frameworks",
					"@loader_path/Frameworks",
				);
				PRODUCT_BUNDLE_IDENTIFIER = net.jenox.MasterThesisTests;
				PRODUCT_NAME = "$(TARGET_NAME)";
				SWIFT_VERSION = 5.0;
				TARGETED_DEVICE_FAMILY = "1,2";
			};
			name = Debug;
		};
		CBDA156323CB88850070847D /* Release */ = {
			isa = XCBuildConfiguration;
			buildSettings = {
				CODE_SIGN_STYLE = Automatic;
				INFOPLIST_FILE = MasterThesisTests/Info.plist;
				LD_RUNPATH_SEARCH_PATHS = (
					"$(inherited)",
					"@executable_path/Frameworks",
					"@loader_path/Frameworks",
				);
				PRODUCT_BUNDLE_IDENTIFIER = net.jenox.MasterThesisTests;
				PRODUCT_NAME = "$(TARGET_NAME)";
				SWIFT_VERSION = 5.0;
				TARGETED_DEVICE_FAMILY = "1,2";
			};
			name = Release;
		};
/* End XCBuildConfiguration section */

/* Begin XCConfigurationList section */
		CBDA153823CB670B0070847D /* Build configuration list for PBXProject "MasterThesis" */ = {
			isa = XCConfigurationList;
			buildConfigurations = (
				CBDA154F23CB670C0070847D /* Debug */,
				CBDA155023CB670C0070847D /* Release */,
			);
			defaultConfigurationIsVisible = 0;
			defaultConfigurationName = Release;
		};
		CBDA155123CB670C0070847D /* Build configuration list for PBXNativeTarget "MasterThesis" */ = {
			isa = XCConfigurationList;
			buildConfigurations = (
				CBDA155223CB670C0070847D /* Debug */,
				CBDA155323CB670C0070847D /* Release */,
			);
			defaultConfigurationIsVisible = 0;
			defaultConfigurationName = Release;
		};
		CBDA156123CB88850070847D /* Build configuration list for PBXNativeTarget "MasterThesisTests" */ = {
			isa = XCConfigurationList;
			buildConfigurations = (
				CBDA156223CB88850070847D /* Debug */,
				CBDA156323CB88850070847D /* Release */,
			);
			defaultConfigurationIsVisible = 0;
			defaultConfigurationName = Release;
		};
/* End XCConfigurationList section */

/* Begin XCRemoteSwiftPackageReference section */
		CB1AA1B824045AA0009028F8 /* XCRemoteSwiftPackageReference "SnapKit" */ = {
			isa = XCRemoteSwiftPackageReference;
			repositoryURL = "https://github.com/SnapKit/SnapKit";
			requirement = {
				kind = upToNextMajorVersion;
				minimumVersion = 5.0.1;
			};
		};
/* End XCRemoteSwiftPackageReference section */

/* Begin XCSwiftPackageProductDependency section */
		CB1AA1B924045AA0009028F8 /* SnapKit */ = {
			isa = XCSwiftPackageProductDependency;
			package = CB1AA1B824045AA0009028F8 /* XCRemoteSwiftPackageReference "SnapKit" */;
			productName = SnapKit;
		};
/* End XCSwiftPackageProductDependency section */
	};
	rootObject = CBDA153523CB670B0070847D /* Project object */;
}
